
Microsoft Visual Studio Solution File, Format Version 12.00
# Visual Studio Version 17
VisualStudioVersion = 17.14.36310.24 d17.14
MinimumVisualStudioVersion = 10.0.40219.1
Project("{FAE04EC0-301F-11D3-BF4B-00C04F79EFBC}") = "DesktopBased", "DesktopBased\DesktopBased.csproj", "{F173144F-0282-4F9B-AF48-270949A16171}"
EndProject
Global
	GlobalSection(SolutionConfigurationPlatforms) = preSolution
		Debug|Any CPU = Debug|Any CPU
		Release|Any CPU = Release|Any CPU
	EndGlobalSection
	GlobalSection(ProjectConfigurationPlatforms) = postSolution
		{F173144F-0282-4F9B-AF48-270949A16171}.Debug|Any CPU.ActiveCfg = Debug|Any CPU
		{F173144F-0282-4F9B-AF48-270949A16171}.Debug|Any CPU.Build.0 = Debug|Any CPU
		{F173144F-0282-4F9B-AF48-270949A16171}.Release|Any CPU.ActiveCfg = Release|Any CPU
		{F173144F-0282-4F9B-AF48-270949A16171}.Release|Any CPU.Build.0 = Release|Any CPU
	EndGlobalSection
	GlobalSection(SolutionProperties) = preSolution
		HideSolutionNode = FALSE
	EndGlobalSection
	GlobalSection(ExtensibilityGlobals) = postSolution
		SolutionGuid = {8F46C4A7-5161-4B2A-BE9F-D58FDB392044}
	EndGlobalSection
EndGlobal
